
Microsoft Visual Studio Solution File, Format Version 12.00
# Visual Studio Version 17
VisualStudioVersion = 17.5.33627.172
MinimumVisualStudioVersion = 10.0.40219.1
Project("{9A19103F-16F7-4668-BE54-9A1E7A4F7556}") = "VNet.Game", "VNet.Game\VNet.Game.csproj", "{2BC2D29D-F4FF-457E-A8EE-AE5F8487DF89}"
EndProject
Project("{9A19103F-16F7-4668-BE54-9A1E7A4F7556}") = "VNet.Game.Tests", "VNet.Game.Tests\VNet.Game.Tests.csproj", "{E5EA4DC2-85F1-4D85-808A-B50F2F3FE742}"
EndProject
Project("{2150E333-8FDC-42A3-9474-1A3956D46DE8}") = ".version", ".version", "{259F5BD2-BE9E-4C69-BDE2-28719F167986}"
	ProjectSection(SolutionItems) = preProject
		.version\version.json = .version\version.json
	EndProjectSection
EndProject
Global
	GlobalSection(SolutionConfigurationPlatforms) = preSolution
		Debug|Any CPU = Debug|Any CPU
		Release|Any CPU = Release|Any CPU
	EndGlobalSection
	GlobalSection(ProjectConfigurationPlatforms) = postSolution
		{2BC2D29D-F4FF-457E-A8EE-AE5F8487DF89}.Debug|Any CPU.ActiveCfg = Debug|Any CPU
		{2BC2D29D-F4FF-457E-A8EE-AE5F8487DF89}.Debug|Any CPU.Build.0 = Debug|Any CPU
		{2BC2D29D-F4FF-457E-A8EE-AE5F8487DF89}.Release|Any CPU.ActiveCfg = Release|Any CPU
		{2BC2D29D-F4FF-457E-A8EE-AE5F8487DF89}.Release|Any CPU.Build.0 = Release|Any CPU
		{E5EA4DC2-85F1-4D85-808A-B50F2F3FE742}.Debug|Any CPU.ActiveCfg = Debug|Any CPU
		{E5EA4DC2-85F1-4D85-808A-B50F2F3FE742}.Debug|Any CPU.Build.0 = Debug|Any CPU
		{E5EA4DC2-85F1-4D85-808A-B50F2F3FE742}.Release|Any CPU.ActiveCfg = Release|Any CPU
		{E5EA4DC2-85F1-4D85-808A-B50F2F3FE742}.Release|Any CPU.Build.0 = Release|Any CPU
	EndGlobalSection
	GlobalSection(SolutionProperties) = preSolution
		HideSolutionNode = FALSE
	EndGlobalSection
	GlobalSection(ExtensibilityGlobals) = postSolution
		SolutionGuid = {4F852F03-C217-48B5-95A3-F014EAE0DDB3}
	EndGlobalSection
EndGlobal
